{
  "name": "archon-login-example",
  "lockfileVersion": 3,
  "requires": true,
  "packages": {
    "": {
      "name": "archon-login-example",
      "license": "Apache-2.0",
      "dependencies": {
        "@bitspark/archon": "0.8.2",
        "@bitspark/archon-cli": "0.8.2",
        "@bitspark/archon-sdk": "0.8.2",
        "@bitspark/archon-server": "0.8.2"
      },
      "engines": {
        "node": ">=22"
      }
    },
    "node_modules/@bitspark/archon": {
      "version": "0.8.2",
      "resolved": "https://registry.npmjs.org/@bitspark/archon/-/archon-0.8.2.tgz",
      "integrity": "sha512-+W3ahl/AEStyDwehJaaJ/qq11aS11S/YmINmiTG9KssGv15aDDjO/v79jrClnF7PmPy9iIbOsOR2VvpUjDLx+g==",
      "license": "Apache-2.0",
      "dependencies": {
        "@noble/curves": "^2.4.0",
        "@noble/hashes": "^2.2.0"
      }
    },
    "node_modules/@bitspark/archon-cli": {
      "version": "0.8.2",
      "resolved": "https://registry.npmjs.org/@bitspark/archon-cli/-/archon-cli-0.8.2.tgz",
      "integrity": "sha512-1g1zck0gQ2lgqI2kTYJv/jOeBOn5/EMrYJzy7XMVYB5SHRTqRVSt1WgceB9HsdFN1vZYpjfCKr/KiGhsPKftyw==",
      "license": "Apache-2.0",
      "dependencies": {
        "@bitspark/archon": "^0.8.2",
        "@bitspark/archon-sdk": "^0.8.2",
        "@noble/ciphers": "^2.4.0",
        "@noble/hashes": "^2.4.0"
      },
      "bin": {
        "archon": "dist/src/main.js"
      }
    },
    "node_modules/@bitspark/archon-sdk": {
      "version": "0.8.2",
      "resolved": "https://registry.npmjs.org/@bitspark/archon-sdk/-/archon-sdk-0.8.2.tgz",
      "integrity": "sha512-InM+H/941YRHxrpnmolOGvWXo+l0C0b2cnS/mHmRACeaPjI21BJQMokEEFlQJv88cT5wda0vL1pX7PN2uNbFEQ==",
      "license": "Apache-2.0",
      "dependencies": {
        "@bitspark/archon": "^0.8.2"
      }
    },
    "node_modules/@bitspark/archon-server": {
      "version": "0.8.2",
      "resolved": "https://registry.npmjs.org/@bitspark/archon-server/-/archon-server-0.8.2.tgz",
      "integrity": "sha512-vj4m+SacEX/5uCqT2rDdH8PKJAv/QLUbHp9F+ailH8+lz2tyBJsYBr8FL4TRYvp1H1IyYDpC9mdY3r6q+Ofzdg==",
      "license": "Apache-2.0",
      "dependencies": {
        "@bitspark/archon": "^0.8.2",
        "@bitspark/archon-sdk": "^0.8.2"
      }
    },
    "node_modules/@noble/ciphers": {
      "version": "2.4.0",
      "resolved": "https://registry.npmjs.org/@noble/ciphers/-/ciphers-2.4.0.tgz",
      "integrity": "sha512-AnjFn0Jv92laAkvMrghlFZq4qQCIN/4DxFV/eooqtC2YTjB7kBeLMS2T9KJX4Dn+ZVXLOwK0lSgqDtx9gvxtiw==",
      "license": "MIT",
      "engines": {
        "node": ">= 20.19.0"
      },
      "funding": {
        "url": "https://paulmillr.com/funding/"
      }
    },
    "node_modules/@noble/curves": {
      "version": "2.4.0",
      "resolved": "https://registry.npmjs.org/@noble/curves/-/curves-2.4.0.tgz",
      "integrity": "sha512-P4/62zrgfH33CneE3Dn4WhJVA22YUU0eR51wKIan4NVRvwsA0YnPTwWGpNbpuacSujmSFLvyzpyuR30+fbq2Ew==",
      "license": "MIT",
      "dependencies": {
        "@noble/hashes": "2.4.0"
      },
      "engines": {
        "node": ">= 20.19.0"
      },
      "funding": {
        "url": "https://paulmillr.com/funding/"
      }
    },
    "node_modules/@noble/hashes": {
      "version": "2.4.0",
      "resolved": "https://registry.npmjs.org/@noble/hashes/-/hashes-2.4.0.tgz",
      "integrity": "sha512-X5XaVWZIBCT7HHZGm5I7ZQXDwLG+bGXuSrMQAW+7Zvl87h1kmc1ZB1VSRJcpUfoUrGQp4Fkoxm5kZ+Ms+aW+eA==",
      "license": "MIT",
      "engines": {
        "node": ">= 20.19.0"
      },
      "funding": {
        "url": "https://paulmillr.com/funding/"
      }
    }
  }
}
