{
  "name": "archon-login-example",
  "lockfileVersion": 3,
  "requires": true,
  "packages": {
    "": {
      "name": "archon-login-example",
      "license": "Apache-2.0",
      "dependencies": {
        "@bitspark/archon": "0.8.1",
        "@bitspark/archon-cli": "0.8.1",
        "@bitspark/archon-sdk": "0.8.1",
        "@bitspark/archon-server": "0.8.1"
      },
      "engines": {
        "node": ">=22"
      }
    },
    "node_modules/@bitspark/archon": {
      "version": "0.8.1",
      "resolved": "https://registry.npmjs.org/@bitspark/archon/-/archon-0.8.1.tgz",
      "integrity": "sha512-nX/bQA9n7YmWpd7pwjcGri1c3+OpOl+P8yuqA62qGe7/bZYDZ49g3DqIY5m5YC6LhUexy5svoOVbcYrcMsIbaw==",
      "license": "Apache-2.0",
      "dependencies": {
        "@noble/curves": "^2.4.0",
        "@noble/hashes": "^2.2.0"
      }
    },
    "node_modules/@bitspark/archon-cli": {
      "version": "0.8.1",
      "resolved": "https://registry.npmjs.org/@bitspark/archon-cli/-/archon-cli-0.8.1.tgz",
      "integrity": "sha512-nRQcbAJfpbjj4B0ck7sEL+XsO7CDcbGu9AteOfUGhl1Qb8DowozTABmy7C1zo+eSBgrvh/BzLZd0w//+/IQYtg==",
      "license": "Apache-2.0",
      "dependencies": {
        "@bitspark/archon": "^0.8.1",
        "@bitspark/archon-sdk": "^0.8.1",
        "@noble/ciphers": "^2.4.0",
        "@noble/hashes": "^2.4.0"
      },
      "bin": {
        "archon": "dist/src/main.js"
      }
    },
    "node_modules/@bitspark/archon-sdk": {
      "version": "0.8.1",
      "resolved": "https://registry.npmjs.org/@bitspark/archon-sdk/-/archon-sdk-0.8.1.tgz",
      "integrity": "sha512-BbrfGMty1dijkFM8PFx91rVWQhAaHFy7N7cfergmY4WI1sMFuzghgAjVtH/eIBSjeq6Mmc74VCLcz36tkIjM3g==",
      "license": "Apache-2.0",
      "dependencies": {
        "@bitspark/archon": "^0.8.1"
      }
    },
    "node_modules/@bitspark/archon-server": {
      "version": "0.8.1",
      "resolved": "https://registry.npmjs.org/@bitspark/archon-server/-/archon-server-0.8.1.tgz",
      "integrity": "sha512-euUDx+vYI0ycyJ7LGurzluvkKZfOxp9wYw45nvlIYp6NWyOoMN2YxFwhCjsT9wZRbWi80NyWBwG900DcSiIe8g==",
      "license": "Apache-2.0",
      "dependencies": {
        "@bitspark/archon": "^0.8.1",
        "@bitspark/archon-sdk": "^0.8.1"
      }
    },
    "node_modules/@noble/ciphers": {
      "version": "2.4.0",
      "resolved": "https://registry.npmjs.org/@noble/ciphers/-/ciphers-2.4.0.tgz",
      "integrity": "sha512-AnjFn0Jv92laAkvMrghlFZq4qQCIN/4DxFV/eooqtC2YTjB7kBeLMS2T9KJX4Dn+ZVXLOwK0lSgqDtx9gvxtiw==",
      "license": "MIT",
      "engines": {
        "node": ">= 20.19.0"
      },
      "funding": {
        "url": "https://paulmillr.com/funding/"
      }
    },
    "node_modules/@noble/curves": {
      "version": "2.4.0",
      "resolved": "https://registry.npmjs.org/@noble/curves/-/curves-2.4.0.tgz",
      "integrity": "sha512-P4/62zrgfH33CneE3Dn4WhJVA22YUU0eR51wKIan4NVRvwsA0YnPTwWGpNbpuacSujmSFLvyzpyuR30+fbq2Ew==",
      "license": "MIT",
      "dependencies": {
        "@noble/hashes": "2.4.0"
      },
      "engines": {
        "node": ">= 20.19.0"
      },
      "funding": {
        "url": "https://paulmillr.com/funding/"
      }
    },
    "node_modules/@noble/hashes": {
      "version": "2.4.0",
      "resolved": "https://registry.npmjs.org/@noble/hashes/-/hashes-2.4.0.tgz",
      "integrity": "sha512-X5XaVWZIBCT7HHZGm5I7ZQXDwLG+bGXuSrMQAW+7Zvl87h1kmc1ZB1VSRJcpUfoUrGQp4Fkoxm5kZ+Ms+aW+eA==",
      "license": "MIT",
      "engines": {
        "node": ">= 20.19.0"
      },
      "funding": {
        "url": "https://paulmillr.com/funding/"
      }
    }
  }
}
