{
  "name": "@bitspark/archon-cli",
  "version": "0.6.2",
  "lockfileVersion": 3,
  "requires": true,
  "packages": {
    "": {
      "name": "@bitspark/archon-cli",
      "version": "0.6.2",
      "license": "Apache-2.0",
      "dependencies": {
        "@bitspark/archon": "file:../../core/ts",
        "@bitspark/archon-sdk": "file:../../sdk/ts",
        "@noble/ciphers": "^2.4.0",
        "@noble/hashes": "^2.4.0"
      },
      "bin": {
        "archon": "dist/src/main.js"
      },
      "devDependencies": {
        "@types/node": "^26",
        "typescript": "^5.7"
      }
    },
    "../../core/ts": {
      "name": "@bitspark/archon",
      "version": "0.6.2",
      "license": "Apache-2.0",
      "dependencies": {
        "@noble/curves": "^2.4.0",
        "@noble/hashes": "^2.2.0"
      },
      "devDependencies": {
        "@types/node": "^26",
        "typescript": "^5.7"
      }
    },
    "../../core/ts/node_modules/@noble/curves": {
      "version": "2.4.0",
      "license": "MIT",
      "dependencies": {
        "@noble/hashes": "2.4.0"
      },
      "engines": {
        "node": ">= 20.19.0"
      },
      "funding": {
        "url": "https://paulmillr.com/funding/"
      }
    },
    "../../core/ts/node_modules/@noble/hashes": {
      "version": "2.4.0",
      "license": "MIT",
      "engines": {
        "node": ">= 20.19.0"
      },
      "funding": {
        "url": "https://paulmillr.com/funding/"
      }
    },
    "../../core/ts/node_modules/@types/node": {
      "version": "26.6.2",
      "dev": true,
      "license": "MIT",
      "dependencies": {
        "undici-types": "~8.9.0"
      }
    },
    "../../core/ts/node_modules/@typescript/typescript-win32-x64": {
      "version": "7.0.2",
      "cpu": [
        "x64"
      ],
      "dev": true,
      "license": "Apache-2.0",
      "optional": true,
      "os": [
        "win32"
      ],
      "engines": {
        "node": ">=16.20.0"
      }
    },
    "../../core/ts/node_modules/typescript": {
      "version": "7.0.2",
      "dev": true,
      "license": "Apache-2.0",
      "bin": {
        "tsc": "bin/tsc"
      },
      "engines": {
        "node": ">=16.20.0"
      },
      "optionalDependencies": {
        "@typescript/typescript-aix-ppc64": "7.0.2",
        "@typescript/typescript-darwin-arm64": "7.0.2",
        "@typescript/typescript-darwin-x64": "7.0.2",
        "@typescript/typescript-freebsd-arm64": "7.0.2",
        "@typescript/typescript-freebsd-x64": "7.0.2",
        "@typescript/typescript-linux-arm": "7.0.2",
        "@typescript/typescript-linux-arm64": "7.0.2",
        "@typescript/typescript-linux-loong64": "7.0.2",
        "@typescript/typescript-linux-mips64el": "7.0.2",
        "@typescript/typescript-linux-ppc64": "7.0.2",
        "@typescript/typescript-linux-riscv64": "7.0.2",
        "@typescript/typescript-linux-s390x": "7.0.2",
        "@typescript/typescript-linux-x64": "7.0.2",
        "@typescript/typescript-netbsd-arm64": "7.0.2",
        "@typescript/typescript-netbsd-x64": "7.0.2",
        "@typescript/typescript-openbsd-arm64": "7.0.2",
        "@typescript/typescript-openbsd-x64": "7.0.2",
        "@typescript/typescript-sunos-x64": "7.0.2",
        "@typescript/typescript-win32-arm64": "7.0.2",
        "@typescript/typescript-win32-x64": "7.0.2"
      }
    },
    "../../core/ts/node_modules/undici-types": {
      "version": "8.9.0",
      "dev": true,
      "license": "MIT"
    },
    "../../sdk/ts": {
      "name": "@bitspark/archon-sdk",
      "version": "0.6.2",
      "license": "Apache-2.0",
      "dependencies": {
        "@bitspark/archon": "file:../../core/ts"
      },
      "devDependencies": {
        "@types/node": "^26",
        "typescript": "^5.7"
      }
    },
    "../../sdk/ts/node_modules/@bitspark/archon": {
      "resolved": "../../core/ts",
      "link": true
    },
    "../../sdk/ts/node_modules/@types/node": {
      "version": "26.6.2",
      "dev": true,
      "license": "MIT",
      "dependencies": {
        "undici-types": "~8.9.0"
      }
    },
    "../../sdk/ts/node_modules/@typescript/typescript-win32-x64": {
      "version": "7.0.2",
      "cpu": [
        "x64"
      ],
      "dev": true,
      "license": "Apache-2.0",
      "optional": true,
      "os": [
        "win32"
      ],
      "engines": {
        "node": ">=16.20.0"
      }
    },
    "../../sdk/ts/node_modules/typescript": {
      "version": "7.0.2",
      "dev": true,
      "license": "Apache-2.0",
      "bin": {
        "tsc": "bin/tsc"
      },
      "engines": {
        "node": ">=16.20.0"
      },
      "optionalDependencies": {
        "@typescript/typescript-aix-ppc64": "7.0.2",
        "@typescript/typescript-darwin-arm64": "7.0.2",
        "@typescript/typescript-darwin-x64": "7.0.2",
        "@typescript/typescript-freebsd-arm64": "7.0.2",
        "@typescript/typescript-freebsd-x64": "7.0.2",
        "@typescript/typescript-linux-arm": "7.0.2",
        "@typescript/typescript-linux-arm64": "7.0.2",
        "@typescript/typescript-linux-loong64": "7.0.2",
        "@typescript/typescript-linux-mips64el": "7.0.2",
        "@typescript/typescript-linux-ppc64": "7.0.2",
        "@typescript/typescript-linux-riscv64": "7.0.2",
        "@typescript/typescript-linux-s390x": "7.0.2",
        "@typescript/typescript-linux-x64": "7.0.2",
        "@typescript/typescript-netbsd-arm64": "7.0.2",
        "@typescript/typescript-netbsd-x64": "7.0.2",
        "@typescript/typescript-openbsd-arm64": "7.0.2",
        "@typescript/typescript-openbsd-x64": "7.0.2",
        "@typescript/typescript-sunos-x64": "7.0.2",
        "@typescript/typescript-win32-arm64": "7.0.2",
        "@typescript/typescript-win32-x64": "7.0.2"
      }
    },
    "../../sdk/ts/node_modules/undici-types": {
      "version": "8.9.0",
      "dev": true,
      "license": "MIT"
    },
    "node_modules/@bitspark/archon": {
      "resolved": "../../core/ts",
      "link": true
    },
    "node_modules/@bitspark/archon-sdk": {
      "resolved": "../../sdk/ts",
      "link": true
    },
    "node_modules/@noble/ciphers": {
      "version": "2.4.0",
      "license": "MIT",
      "engines": {
        "node": ">= 20.19.0"
      },
      "funding": {
        "url": "https://paulmillr.com/funding/"
      }
    },
    "node_modules/@noble/hashes": {
      "version": "2.4.0",
      "license": "MIT",
      "engines": {
        "node": ">= 20.19.0"
      },
      "funding": {
        "url": "https://paulmillr.com/funding/"
      }
    },
    "node_modules/@types/node": {
      "version": "26.6.2",
      "dev": true,
      "license": "MIT",
      "dependencies": {
        "undici-types": "~8.9.0"
      }
    },
    "node_modules/typescript": {
      "version": "5.9.3",
      "resolved": "https://registry.npmjs.org/typescript/-/typescript-5.9.3.tgz",
      "integrity": "sha512-jl1vZzPDinLr9eUt3J/t7V6FgNEw9QjvBPdysz9KfQDD41fQrC2Y4vKQdiaUpFT4bXlb1RHhLpp8wtm6M5TgSw==",
      "dev": true,
      "license": "Apache-2.0",
      "bin": {
        "tsc": "bin/tsc",
        "tsserver": "bin/tsserver"
      },
      "engines": {
        "node": ">=14.17"
      }
    },
    "node_modules/undici-types": {
      "version": "8.9.0",
      "dev": true,
      "license": "MIT"
    }
  }
}
